
Microsoft Visual Studio Solution File, Format Version 12.00
# Visual Studio Version 16
VisualStudioVersion = 16.0.30413.136
MinimumVisualStudioVersion = 10.0.40219.1
Project("{9A19103F-16F7-4668-BE54-9A1E7A4F7556}") = "ServerBlazor", "ServerBlazor.App\ServerBlazor.csproj", "{B4A78279-B02A-4599-A526-B581EAAEE0E9}"
EndProject
Global
	GlobalSection(SolutionConfigurationPlatforms) = preSolution
		Debug|Any CPU = Debug|Any CPU
		Release|Any CPU = Release|Any CPU
	EndGlobalSection
	GlobalSection(ProjectConfigurationPlatforms) = postSolution
		{B4A78279-B02A-4599-A526-B581EAAEE0E9}.Debug|Any CPU.ActiveCfg = Debug|Any CPU
		{B4A78279-B02A-4599-A526-B581EAAEE0E9}.Debug|Any CPU.Build.0 = Debug|Any CPU
		{B4A78279-B02A-4599-A526-B581EAAEE0E9}.Release|Any CPU.ActiveCfg = Release|Any CPU
		{B4A78279-B02A-4599-A526-B581EAAEE0E9}.Release|Any CPU.Build.0 = Release|Any CPU
	EndGlobalSection
	GlobalSection(SolutionProperties) = preSolution
		HideSolutionNode = FALSE
	EndGlobalSection
	GlobalSection(ExtensibilityGlobals) = postSolution
		SolutionGuid = {29641452-2B4F-429E-8701-B2B61AC9361B}
	EndGlobalSection
EndGlobal
